{
  "version": 4,
  "terraform_version": "1.1.7",
  "serial": 5,
  "lineage": "6841fb44-7190-a1b2-3d9f-c41f1a21fdfa",
  "outputs": {},
  "resources": [
    {
      "mode": "data",
      "type": "aws_ami",
      "name": "ubuntu",
      "provider": "provider[\"registry.terraform.io/hashicorp/aws\"]",
      "instances": [
        {
          "schema_version": 0,
          "attributes": {
            "architecture": "x86_64",
            "arn": "arn:aws:ec2:ap-southeast-1::image/ami-0750a20e9959e44ff",
            "block_device_mappings": [
              {
                "device_name": "/dev/sda1",
                "ebs": {
                  "delete_on_termination": "true",
                  "encrypted": "false",
                  "iops": "0",
                  "snapshot_id": "snap-0f929713e5b74b20f",
                  "throughput": "0",
                  "volume_size": "8",
                  "volume_type": "gp2"
                },
                "no_device": "",
                "virtual_name": ""
              },
              {
                "device_name": "/dev/sdb",
                "ebs": {},
                "no_device": "",
                "virtual_name": "ephemeral0"
              },
              {
                "device_name": "/dev/sdc",
                "ebs": {},
                "no_device": "",
                "virtual_name": "ephemeral1"
              }
            ],
            "boot_mode": "",
            "creation_date": "2022-04-19T21:02:26.000Z",
            "description": "Canonical, Ubuntu, 20.04 LTS, amd64 focal image build on 2022-04-19",
            "ena_support": true,
            "executable_users": null,
            "filter": [
              {
                "name": "name",
                "values": [
                  "ubuntu/images/hvm-ssd/ubuntu-focal-20.04-amd64-server-*"
                ]
              },
              {
                "name": "virtualization-type",
                "values": [
                  "hvm"
                ]
              }
            ],
            "hypervisor": "xen",
            "id": "ami-0750a20e9959e44ff",
            "image_id": "ami-0750a20e9959e44ff",
            "image_location": "099720109477/ubuntu/images/hvm-ssd/ubuntu-focal-20.04-amd64-server-20220419",
            "image_owner_alias": null,
            "image_type": "machine",
            "kernel_id": null,
            "most_recent": true,
            "name": "ubuntu/images/hvm-ssd/ubuntu-focal-20.04-amd64-server-20220419",
            "name_regex": null,
            "owner_id": "099720109477",
            "owners": [
              "099720109477"
            ],
            "platform": null,
            "platform_details": "Linux/UNIX",
            "product_codes": [],
            "public": true,
            "ramdisk_id": null,
            "root_device_name": "/dev/sda1",
            "root_device_type": "ebs",
            "root_snapshot_id": "snap-0f929713e5b74b20f",
            "sriov_net_support": "simple",
            "state": "available",
            "state_reason": {
              "code": "UNSET",
              "message": "UNSET"
            },
            "tags": {},
            "usage_operation": "RunInstances",
            "virtualization_type": "hvm"
          },
          "sensitive_attributes": []
        }
      ]
    },
    {
      "mode": "managed",
      "type": "aws_instance",
      "name": "instance",
      "provider": "provider[\"registry.terraform.io/hashicorp/aws\"]",
      "instances": [
        {
          "schema_version": 1,
          "attributes": {
            "ami": "ami-0750a20e9959e44ff",
            "arn": "arn:aws:ec2:ap-southeast-1:230442958515:instance/i-0aac29af6eb5363c6",
            "associate_public_ip_address": true,
            "availability_zone": "ap-southeast-1b",
            "capacity_reservation_specification": [
              {
                "capacity_reservation_preference": "open",
                "capacity_reservation_target": []
              }
            ],
            "cpu_core_count": 1,
            "cpu_threads_per_core": 1,
            "credit_specification": [
              {
                "cpu_credits": "standard"
              }
            ],
            "disable_api_termination": false,
            "ebs_block_device": [],
            "ebs_optimized": false,
            "enclave_options": [
              {
                "enabled": false
              }
            ],
            "ephemeral_block_device": [],
            "get_password_data": false,
            "hibernation": false,
            "host_id": null,
            "iam_instance_profile": "",
            "id": "i-0aac29af6eb5363c6",
            "instance_initiated_shutdown_behavior": "stop",
            "instance_state": "running",
            "instance_type": "t2.micro",
            "ipv6_address_count": 0,
            "ipv6_addresses": [],
            "key_name": "vietdv-iMac-key",
            "launch_template": [],
            "metadata_options": [
              {
                "http_endpoint": "enabled",
                "http_put_response_hop_limit": 1,
                "http_tokens": "optional",
                "instance_metadata_tags": "disabled"
              }
            ],
            "monitoring": false,
            "network_interface": [],
            "outpost_arn": "",
            "password_data": "",
            "placement_group": "",
            "placement_partition_number": null,
            "primary_network_interface_id": "eni-03ab417efc4d09bf2",
            "private_dns": "ip-172-31-20-73.ap-southeast-1.compute.internal",
            "private_ip": "172.31.20.73",
            "public_dns": "ec2-13-229-134-204.ap-southeast-1.compute.amazonaws.com",
            "public_ip": "13.229.134.204",
            "root_block_device": [
              {
                "delete_on_termination": true,
                "device_name": "/dev/sda1",
                "encrypted": false,
                "iops": 100,
                "kms_key_id": "",
                "tags": {},
                "throughput": 0,
                "volume_id": "vol-05437c657b2ac44a8",
                "volume_size": 8,
                "volume_type": "gp2"
              }
            ],
            "secondary_private_ips": [],
            "security_groups": [
              "default"
            ],
            "source_dest_check": true,
            "subnet_id": "subnet-0067de515175a4390",
            "tags": {
              "Name": "tf-getting-started"
            },
            "tags_all": {
              "Name": "tf-getting-started"
            },
            "tenancy": "default",
            "timeouts": null,
            "user_data": null,
            "user_data_base64": null,
            "user_data_replace_on_change": false,
            "volume_tags": null,
            "vpc_security_group_ids": [
              "sg-00ccfe98556fcb485"
            ]
          },
          "sensitive_attributes": [],
          "private": "eyJlMmJmYjczMC1lY2FhLTExZTYtOGY4OC0zNDM2M2JjN2M0YzAiOnsiY3JlYXRlIjo2MDAwMDAwMDAwMDAsImRlbGV0ZSI6MTIwMDAwMDAwMDAwMCwidXBkYXRlIjo2MDAwMDAwMDAwMDB9LCJzY2hlbWFfdmVyc2lvbiI6IjEifQ==",
          "dependencies": [
            "data.aws_ami.ubuntu"
          ]
        }
      ]
    },
    {
      "mode": "managed",
      "type": "aws_key_pair",
      "name": "vietdv-iMac",
      "provider": "provider[\"registry.terraform.io/hashicorp/aws\"]",
      "instances": [
        {
          "schema_version": 1,
          "attributes": {
            "arn": "arn:aws:ec2:ap-southeast-1:230442958515:key-pair/vietdv-iMac-key",
            "fingerprint": "38:eb:95:98:25:33:12:f0:6c:af:21:78:34:92:e9:bd",
            "id": "vietdv-iMac-key",
            "key_name": "vietdv-iMac-key",
            "key_name_prefix": "",
            "key_pair_id": "key-0a195ba8115120fe5",
            "public_key": "ssh-rsa AAAAB3NzaC1yc2EAAAADAQABAAACAQCaw2/4a/DWOqMwcPdg5mHXBG0zkgtm2uFT6+mz9xD2SRwbC0TMPrn+eCOK9qy/VQhDX21fdJK1QoNvJ6V/TrKXXbtRFdDsyZR0WOITwZiMoPqs+/lxVgNDNUPFuwFpN9jfr/wph67lPJ35/AgjGlGyquWIV+VWRhqNIYkeogBY7nqfVSCMDCEdI4ol12PxPvBiAixaAid0MYbxMLpIxdY3ItvFnF+9SZWsdxRK7osIdVZph8DFzNUJZrIx+rzpW/IoKDFwrdYYF20R9KVXE7jdyo86x/AI31nxohsamKZCB7/VtZg7O6chjtYJqKfAkc/0KFCG8p5xLjS1MKlkU/OL1XMFHD0C2BjcZ+tNpbdSROjE83vzj7okFIeh2eE25U6wplX3FIr1RJZe5h+izZy5k1wG5qV79E33kXOp4ACNTZV8C4RWs5488O3ZoObMd7dz7LcK619QvyiUERfeBzozIG3E6eCYLV9TrN0m42HZlYb4zWl9Fd5LQnjavRmLXYEqj8BnBamVt2H1FntsyGOM2NT1XnMDVEELxfr9yuFVRZONLQykh65UvBW0LImbbqNTKaQl0NL15JhWCY1Seo+EOn9aOFyp/faYenW+MYD/JLBBzbGBxztwSMm+2IjP5vd2QWdRk00be1ReEXu0H+yhigND1G0n1hilQsTTE2D3xQ==",
            "tags": {},
            "tags_all": {}
          },
          "sensitive_attributes": [],
          "private": "eyJzY2hlbWFfdmVyc2lvbiI6IjEifQ=="
        }
      ]
    }
  ]
}
